
Microsoft Visual Studio Solution File, Format Version 12.00
# Visual Studio Version 17
VisualStudioVersion = 17.13.35931.197 d17.13
MinimumVisualStudioVersion = 10.0.40219.1
Project("{FAE04EC0-301F-11D3-BF4B-00C04F79EFBC}") = "NetCoreMVCLesson03", "NetCoreMVCLesson03\NetCoreMVCLesson03.csproj", "{A67536F8-E751-4217-99D4-CA573AE1C23E}"
EndProject
Global
	GlobalSection(SolutionConfigurationPlatforms) = preSolution
		Debug|Any CPU = Debug|Any CPU
		Release|Any CPU = Release|Any CPU
	EndGlobalSection
	GlobalSection(ProjectConfigurationPlatforms) = postSolution
		{A67536F8-E751-4217-99D4-CA573AE1C23E}.Debug|Any CPU.ActiveCfg = Debug|Any CPU
		{A67536F8-E751-4217-99D4-CA573AE1C23E}.Debug|Any CPU.Build.0 = Debug|Any CPU
		{A67536F8-E751-4217-99D4-CA573AE1C23E}.Release|Any CPU.ActiveCfg = Release|Any CPU
		{A67536F8-E751-4217-99D4-CA573AE1C23E}.Release|Any CPU.Build.0 = Release|Any CPU
	EndGlobalSection
	GlobalSection(SolutionProperties) = preSolution
		HideSolutionNode = FALSE
	EndGlobalSection
	GlobalSection(ExtensibilityGlobals) = postSolution
		SolutionGuid = {00E9455E-09DD-45DD-8133-FDCABCCBFB1F}
	EndGlobalSection
EndGlobal
